// !$*UTF8*$!
{
	archiveVersion = 1;
	classes = {
	};
	objectVersion = 55;
	objects = {

/* Begin PBXBuildFile section */
		6E70AF9226BDD8050068EDB7 /* Workout_MemoriesApp.swift in Sources */ = {isa = PBXBuildFile; fileRef = 6E70AF9126BDD8050068EDB7 /* Workout_MemoriesApp.swift */; };
		6E70AF9426BDD8050068EDB7 /* MemoriesListView.swift in Sources */ = {isa = PBXBuildFile; fileRef = 6E70AF9326BDD8050068EDB7 /* MemoriesListView.swift */; };
		6E70AF9626BDD8060068EDB7 /* Assets.xcassets in Resources */ = {isa = PBXBuildFile; fileRef = 6E70AF9526BDD8060068EDB7 /* Assets.xcassets */; };
		6E70AF9926BDD8060068EDB7 /* Preview Assets.xcassets in Resources */ = {isa = PBXBuildFile; fileRef = 6E70AF9826BDD8060068EDB7 /* Preview Assets.xcassets */; };
		6E70AFA026BDDC3A0068EDB7 /* MemoryCreationView.swift in Sources */ = {isa = PBXBuildFile; fileRef = 6E70AF9F26BDDC3A0068EDB7 /* MemoryCreationView.swift */; };
		6E70AFA226BDDFB50068EDB7 /* WorkoutListView.swift in Sources */ = {isa = PBXBuildFile; fileRef = 6E70AFA126BDDFB50068EDB7 /* WorkoutListView.swift */; };
		6E70AFA626BDEBCA0068EDB7 /* HealthManager.swift in Sources */ = {isa = PBXBuildFile; fileRef = 6E70AFA526BDEBCA0068EDB7 /* HealthManager.swift */; };
		6E70AFA826BDEC940068EDB7 /* Workouts.swift in Sources */ = {isa = PBXBuildFile; fileRef = 6E70AFA726BDEC940068EDB7 /* Workouts.swift */; };
		6E70AFAC26BDF1000068EDB7 /* HealthKit.framework in Frameworks */ = {isa = PBXBuildFile; fileRef = 6E70AFAB26BDF1000068EDB7 /* HealthKit.framework */; };
		6EDA273226BF447D00EACC86 /* Collections in Frameworks */ = {isa = PBXBuildFile; productRef = 6EDA273126BF447D00EACC86 /* Collections */; };
		6EDA273426BF447D00EACC86 /* OrderedCollections in Frameworks */ = {isa = PBXBuildFile; productRef = 6EDA273326BF447D00EACC86 /* OrderedCollections */; };
		6EDA273626BF452D00EACC86 /* Memory.swift in Sources */ = {isa = PBXBuildFile; fileRef = 6EDA273526BF452D00EACC86 /* Memory.swift */; };
		6EDA273826BF5B0C00EACC86 /* MemoryView.swift in Sources */ = {isa = PBXBuildFile; fileRef = 6EDA273726BF5B0C00EACC86 /* MemoryView.swift */; };
/* End PBXBuildFile section */

/* Begin PBXFileReference section */
		6E70AF8E26BDD8050068EDB7 /* Workout Memories.app */ = {isa = PBXFileReference; explicitFileType = wrapper.application; includeInIndex = 0; path = "Workout Memories.app"; sourceTree = BUILT_PRODUCTS_DIR; };
		6E70AF9126BDD8050068EDB7 /* Workout_MemoriesApp.swift */ = {isa = PBXFileReference; lastKnownFileType = sourcecode.swift; path = Workout_MemoriesApp.swift; sourceTree = "<group>"; };
		6E70AF9326BDD8050068EDB7 /* MemoriesListView.swift */ = {isa = PBXFileReference; lastKnownFileType = sourcecode.swift; path = MemoriesListView.swift; sourceTree = "<group>"; };
		6E70AF9526BDD8060068EDB7 /* Assets.xcassets */ = {isa = PBXFileReference; lastKnownFileType = folder.assetcatalog; path = Assets.xcassets; sourceTree = "<group>"; };
		6E70AF9826BDD8060068EDB7 /* Preview Assets.xcassets */ = {isa = PBXFileReference; lastKnownFileType = folder.assetcatalog; path = "Preview Assets.xcassets"; sourceTree = "<group>"; };
		6E70AF9F26BDDC3A0068EDB7 /* MemoryCreationView.swift */ = {isa = PBXFileReference; lastKnownFileType = sourcecode.swift; path = MemoryCreationView.swift; sourceTree = "<group>"; };
		6E70AFA126BDDFB50068EDB7 /* WorkoutListView.swift */ = {isa = PBXFileReference; lastKnownFileType = sourcecode.swift; path = WorkoutListView.swift; sourceTree = "<group>"; };
		6E70AFA326BDEA6A0068EDB7 /* info.plist */ = {isa = PBXFileReference; lastKnownFileType = text.plist.xml; path = info.plist; sourceTree = "<group>"; };
		6E70AFA526BDEBCA0068EDB7 /* HealthManager.swift */ = {isa = PBXFileReference; lastKnownFileType = sourcecode.swift; path = HealthManager.swift; sourceTree = "<group>"; };
		6E70AFA726BDEC940068EDB7 /* Workouts.swift */ = {isa = PBXFileReference; lastKnownFileType = sourcecode.swift; path = Workouts.swift; sourceTree = "<group>"; };
		6E70AFA926BDF1000068EDB7 /* Workout Memories.entitlements */ = {isa = PBXFileReference; lastKnownFileType = text.plist.entitlements; path = "Workout Memories.entitlements"; sourceTree = "<group>"; };
		6E70AFAB26BDF1000068EDB7 /* HealthKit.framework */ = {isa = PBXFileReference; lastKnownFileType = wrapper.framework; name = HealthKit.framework; path = System/Library/Frameworks/HealthKit.framework; sourceTree = SDKROOT; };
		6EDA273526BF452D00EACC86 /* Memory.swift */ = {isa = PBXFileReference; lastKnownFileType = sourcecode.swift; path = Memory.swift; sourceTree = "<group>"; };
		6EDA273726BF5B0C00EACC86 /* MemoryView.swift */ = {isa = PBXFileReference; lastKnownFileType = sourcecode.swift; path = MemoryView.swift; sourceTree = "<group>"; };
/* End PBXFileReference section */

/* Begin PBXFrameworksBuildPhase section */
		6E70AF8B26BDD8050068EDB7 /* Frameworks */ = {
			isa = PBXFrameworksBuildPhase;
			buildActionMask = 2147483647;
			files = (
				6EDA273226BF447D00EACC86 /* Collections in Frameworks */,
				6E70AFAC26BDF1000068EDB7 /* HealthKit.framework in Frameworks */,
				6EDA273426BF447D00EACC86 /* OrderedCollections in Frameworks */,
			);
			runOnlyForDeploymentPostprocessing = 0;
		};
/* End PBXFrameworksBuildPhase section */

/* Begin PBXGroup section */
		6E70AF8526BDD8050068EDB7 = {
			isa = PBXGroup;
			children = (
				6E70AF9026BDD8050068EDB7 /* Workout Memories */,
				6E70AF8F26BDD8050068EDB7 /* Products */,
				6E70AFAA26BDF1000068EDB7 /* Frameworks */,
			);
			sourceTree = "<group>";
		};
		6E70AF8F26BDD8050068EDB7 /* Products */ = {
			isa = PBXGroup;
			children = (
				6E70AF8E26BDD8050068EDB7 /* Workout Memories.app */,
			);
			name = Products;
			sourceTree = "<group>";
		};
		6E70AF9026BDD8050068EDB7 /* Workout Memories */ = {
			isa = PBXGroup;
			children = (
				6E70AFA926BDF1000068EDB7 /* Workout Memories.entitlements */,
				6E70AF9126BDD8050068EDB7 /* Workout_MemoriesApp.swift */,
				6EDA273726BF5B0C00EACC86 /* MemoryView.swift */,
				6E70AF9326BDD8050068EDB7 /* MemoriesListView.swift */,
				6E70AF9F26BDDC3A0068EDB7 /* MemoryCreationView.swift */,
				6E70AFA126BDDFB50068EDB7 /* WorkoutListView.swift */,
				6E70AFA526BDEBCA0068EDB7 /* HealthManager.swift */,
				6E70AFA726BDEC940068EDB7 /* Workouts.swift */,
				6EDA273526BF452D00EACC86 /* Memory.swift */,
				6E70AF9526BDD8060068EDB7 /* Assets.xcassets */,
				6E70AFA326BDEA6A0068EDB7 /* info.plist */,
				6E70AF9726BDD8060068EDB7 /* Preview Content */,
			);
			path = "Workout Memories";
			sourceTree = "<group>";
		};
		6E70AF9726BDD8060068EDB7 /* Preview Content */ = {
			isa = PBXGroup;
			children = (
				6E70AF9826BDD8060068EDB7 /* Preview Assets.xcassets */,
			);
			path = "Preview Content";
			sourceTree = "<group>";
		};
		6E70AFAA26BDF1000068EDB7 /* Frameworks */ = {
			isa = PBXGroup;
			children = (
				6E70AFAB26BDF1000068EDB7 /* HealthKit.framework */,
			);
			name = Frameworks;
			sourceTree = "<group>";
		};
/* End PBXGroup section */

/* Begin PBXNativeTarget section */
		6E70AF8D26BDD8050068EDB7 /* Workout Memories */ = {
			isa = PBXNativeTarget;
			buildConfigurationList = 6E70AF9C26BDD8060068EDB7 /* Build configuration list for PBXNativeTarget "Workout Memories" */;
			buildPhases = (
				6E70AF8A26BDD8050068EDB7 /* Sources */,
				6E70AF8B26BDD8050068EDB7 /* Frameworks */,
				6E70AF8C26BDD8050068EDB7 /* Resources */,
			);
			buildRules = (
			);
			dependencies = (
			);
			name = "Workout Memories";
			packageProductDependencies = (
				6EDA273126BF447D00EACC86 /* Collections */,
				6EDA273326BF447D00EACC86 /* OrderedCollections */,
			);
			productName = "Workout Memories";
			productReference = 6E70AF8E26BDD8050068EDB7 /* Workout Memories.app */;
			productType = "com.apple.product-type.application";
		};
/* End PBXNativeTarget section */

/* Begin PBXProject section */
		6E70AF8626BDD8050068EDB7 /* Project object */ = {
			isa = PBXProject;
			attributes = {
				BuildIndependentTargetsInParallel = 1;
				LastSwiftUpdateCheck = 1300;
				LastUpgradeCheck = 1300;
				TargetAttributes = {
					6E70AF8D26BDD8050068EDB7 = {
						CreatedOnToolsVersion = 13.0;
					};
				};
			};
			buildConfigurationList = 6E70AF8926BDD8050068EDB7 /* Build configuration list for PBXProject "Workout Memories" */;
			compatibilityVersion = "Xcode 13.0";
			developmentRegion = en;
			hasScannedForEncodings = 0;
			knownRegions = (
				en,
				Base,
			);
			mainGroup = 6E70AF8526BDD8050068EDB7;
			packageReferences = (
				6EDA273026BF447D00EACC86 /* XCRemoteSwiftPackageReference "swift-collections" */,
			);
			productRefGroup = 6E70AF8F26BDD8050068EDB7 /* Products */;
			projectDirPath = "";
			projectRoot = "";
			targets = (
				6E70AF8D26BDD8050068EDB7 /* Workout Memories */,
			);
		};
/* End PBXProject section */

/* Begin PBXResourcesBuildPhase section */
		6E70AF8C26BDD8050068EDB7 /* Resources */ = {
			isa = PBXResourcesBuildPhase;
			buildActionMask = 2147483647;
			files = (
				6E70AF9926BDD8060068EDB7 /* Preview Assets.xcassets in Resources */,
				6E70AF9626BDD8060068EDB7 /* Assets.xcassets in Resources */,
			);
			runOnlyForDeploymentPostprocessing = 0;
		};
/* End PBXResourcesBuildPhase section */

/* Begin PBXSourcesBuildPhase section */
		6E70AF8A26BDD8050068EDB7 /* Sources */ = {
			isa = PBXSourcesBuildPhase;
			buildActionMask = 2147483647;
			files = (
				6E70AF9426BDD8050068EDB7 /* MemoriesListView.swift in Sources */,
				6E70AF9226BDD8050068EDB7 /* Workout_MemoriesApp.swift in Sources */,
				6E70AFA226BDDFB50068EDB7 /* WorkoutListView.swift in Sources */,
				6EDA273626BF452D00EACC86 /* Memory.swift in Sources */,
				6E70AFA026BDDC3A0068EDB7 /* MemoryCreationView.swift in Sources */,
				6E70AFA626BDEBCA0068EDB7 /* HealthManager.swift in Sources */,
				6E70AFA826BDEC940068EDB7 /* Workouts.swift in Sources */,
				6EDA273826BF5B0C00EACC86 /* MemoryView.swift in Sources */,
			);
			runOnlyForDeploymentPostprocessing = 0;
		};
/* End PBXSourcesBuildPhase section */

/* Begin XCBuildConfiguration section */
		6E70AF9A26BDD8060068EDB7 /* Debug */ = {
			isa = XCBuildConfiguration;
			buildSettings = {
				ALWAYS_SEARCH_USER_PATHS = NO;
				CLANG_ANALYZER_NONNULL = YES;
				CLANG_ANALYZER_NUMBER_OBJECT_CONVERSION = YES_AGGRESSIVE;
				CLANG_CXX_LANGUAGE_STANDARD = "gnu++17";
				CLANG_CXX_LIBRARY = "libc++";
				CLANG_ENABLE_MODULES = YES;
				CLANG_ENABLE_OBJC_ARC = YES;
				CLANG_ENABLE_OBJC_WEAK = YES;
				CLANG_WARN_BLOCK_CAPTURE_AUTORELEASING = YES;
				CLANG_WARN_BOOL_CONVERSION = YES;
				CLANG_WARN_COMMA = YES;
				CLANG_WARN_CONSTANT_CONVERSION = YES;
				CLANG_WARN_DEPRECATED_OBJC_IMPLEMENTATIONS = YES;
				CLANG_WARN_DIRECT_OBJC_ISA_USAGE = YES_ERROR;
				CLANG_WARN_DOCUMENTATION_COMMENTS = YES;
				CLANG_WARN_EMPTY_BODY = YES;
				CLANG_WARN_ENUM_CONVERSION = YES;
				CLANG_WARN_INFINITE_RECURSION = YES;
				CLANG_WARN_INT_CONVERSION = YES;
				CLANG_WARN_NON_LITERAL_NULL_CONVERSION = YES;
				CLANG_WARN_OBJC_IMPLICIT_RETAIN_SELF = YES;
				CLANG_WARN_OBJC_LITERAL_CONVERSION = YES;
				CLANG_WARN_OBJC_ROOT_CLASS = YES_ERROR;
				CLANG_WARN_QUOTED_INCLUDE_IN_FRAMEWORK_HEADER = YES;
				CLANG_WARN_RANGE_LOOP_ANALYSIS = YES;
				CLANG_WARN_STRICT_PROTOTYPES = YES;
				CLANG_WARN_SUSPICIOUS_MOVE = YES;
				CLANG_WARN_UNGUARDED_AVAILABILITY = YES_AGGRESSIVE;
				CLANG_WARN_UNREACHABLE_CODE = YES;
				CLANG_WARN__DUPLICATE_METHOD_MATCH = YES;
				COPY_PHASE_STRIP = NO;
				DEBUG_INFORMATION_FORMAT = dwarf;
				ENABLE_STRICT_OBJC_MSGSEND = YES;
				ENABLE_TESTABILITY = YES;
				GCC_C_LANGUAGE_STANDARD = gnu11;
				GCC_DYNAMIC_NO_PIC = NO;
				GCC_NO_COMMON_BLOCKS = YES;
				GCC_OPTIMIZATION_LEVEL = 0;
				GCC_PREPROCESSOR_DEFINITIONS = (
					"DEBUG=1",
					"$(inherited)",
				);
				GCC_WARN_64_TO_32_BIT_CONVERSION = YES;
				GCC_WARN_ABOUT_RETURN_TYPE = YES_ERROR;
				GCC_WARN_UNDECLARED_SELECTOR = YES;
				GCC_WARN_UNINITIALIZED_AUTOS = YES_AGGRESSIVE;
				GCC_WARN_UNUSED_FUNCTION = YES;
				GCC_WARN_UNUSED_VARIABLE = YES;
				IPHONEOS_DEPLOYMENT_TARGET = 15.0;
				MTL_ENABLE_DEBUG_INFO = INCLUDE_SOURCE;
				MTL_FAST_MATH = YES;
				ONLY_ACTIVE_ARCH = YES;
				SDKROOT = iphoneos;
				SWIFT_ACTIVE_COMPILATION_CONDITIONS = DEBUG;
				SWIFT_OPTIMIZATION_LEVEL = "-Onone";
			};
			name = Debug;
		};
		6E70AF9B26BDD8060068EDB7 /* Release */ = {
			isa = XCBuildConfiguration;
			buildSettings = {
				ALWAYS_SEARCH_USER_PATHS = NO;
				CLANG_ANALYZER_NONNULL = YES;
				CLANG_ANALYZER_NUMBER_OBJECT_CONVERSION = YES_AGGRESSIVE;
				CLANG_CXX_LANGUAGE_STANDARD = "gnu++17";
				CLANG_CXX_LIBRARY = "libc++";
				CLANG_ENABLE_MODULES = YES;
				CLANG_ENABLE_OBJC_ARC = YES;
				CLANG_ENABLE_OBJC_WEAK = YES;
				CLANG_WARN_BLOCK_CAPTURE_AUTORELEASING = YES;
				CLANG_WARN_BOOL_CONVERSION = YES;
				CLANG_WARN_COMMA = YES;
				CLANG_WARN_CONSTANT_CONVERSION = YES;
				CLANG_WARN_DEPRECATED_OBJC_IMPLEMENTATIONS = YES;
				CLANG_WARN_DIRECT_OBJC_ISA_USAGE = YES_ERROR;
				CLANG_WARN_DOCUMENTATION_COMMENTS = YES;
				CLANG_WARN_EMPTY_BODY = YES;
				CLANG_WARN_ENUM_CONVERSION = YES;
				CLANG_WARN_INFINITE_RECURSION = YES;
				CLANG_WARN_INT_CONVERSION = YES;
				CLANG_WARN_NON_LITERAL_NULL_CONVERSION = YES;
				CLANG_WARN_OBJC_IMPLICIT_RETAIN_SELF = YES;
				CLANG_WARN_OBJC_LITERAL_CONVERSION = YES;
				CLANG_WARN_OBJC_ROOT_CLASS = YES_ERROR;
				CLANG_WARN_QUOTED_INCLUDE_IN_FRAMEWORK_HEADER = YES;
				CLANG_WARN_RANGE_LOOP_ANALYSIS = YES;
				CLANG_WARN_STRICT_PROTOTYPES = YES;
				CLANG_WARN_SUSPICIOUS_MOVE = YES;
				CLANG_WARN_UNGUARDED_AVAILABILITY = YES_AGGRESSIVE;
				CLANG_WARN_UNREACHABLE_CODE = YES;
				CLANG_WARN__DUPLICATE_METHOD_MATCH = YES;
				COPY_PHASE_STRIP = NO;
				DEBUG_INFORMATION_FORMAT = "dwarf-with-dsym";
				ENABLE_NS_ASSERTIONS = NO;
				ENABLE_STRICT_OBJC_MSGSEND = YES;
				GCC_C_LANGUAGE_STANDARD = gnu11;
				GCC_NO_COMMON_BLOCKS = YES;
				GCC_WARN_64_TO_32_BIT_CONVERSION = YES;
				GCC_WARN_ABOUT_RETURN_TYPE = YES_ERROR;
				GCC_WARN_UNDECLARED_SELECTOR = YES;
				GCC_WARN_UNINITIALIZED_AUTOS = YES_AGGRESSIVE;
				GCC_WARN_UNUSED_FUNCTION = YES;
				GCC_WARN_UNUSED_VARIABLE = YES;
				IPHONEOS_DEPLOYMENT_TARGET = 15.0;
				MTL_ENABLE_DEBUG_INFO = NO;
				MTL_FAST_MATH = YES;
				SDKROOT = iphoneos;
				SWIFT_COMPILATION_MODE = wholemodule;
				SWIFT_OPTIMIZATION_LEVEL = "-O";
				VALIDATE_PRODUCT = YES;
			};
			name = Release;
		};
		6E70AF9D26BDD8060068EDB7 /* Debug */ = {
			isa = XCBuildConfiguration;
			buildSettings = {
				ASSETCATALOG_COMPILER_APPICON_NAME = AppIcon;
				ASSETCATALOG_COMPILER_GLOBAL_ACCENT_COLOR_NAME = AccentColor;
				CODE_SIGN_ENTITLEMENTS = "Workout Memories/Workout Memories.entitlements";
				CODE_SIGN_STYLE = Automatic;
				CURRENT_PROJECT_VERSION = 1;
				DEVELOPMENT_ASSET_PATHS = "\"Workout Memories/Preview Content\"";
				DEVELOPMENT_TEAM = K36HYHZA7X;
				ENABLE_PREVIEWS = YES;
				GENERATE_INFOPLIST_FILE = YES;
				INFOPLIST_FILE = "Workout Memories/info.plist";
				INFOPLIST_KEY_UIApplicationSceneManifest_Generation = YES;
				INFOPLIST_KEY_UIApplicationSupportsIndirectInputEvents = YES;
				INFOPLIST_KEY_UILaunchScreen_Generation = YES;
				INFOPLIST_KEY_UISupportedInterfaceOrientations_iPad = "UIInterfaceOrientationPortrait UIInterfaceOrientationPortraitUpsideDown UIInterfaceOrientationLandscapeLeft UIInterfaceOrientationLandscapeRight";
				INFOPLIST_KEY_UISupportedInterfaceOrientations_iPhone = UIInterfaceOrientationPortrait;
				IPHONEOS_DEPLOYMENT_TARGET = 15.0;
				LD_RUNPATH_SEARCH_PATHS = (
					"$(inherited)",
					"@executable_path/Frameworks",
				);
				MARKETING_VERSION = 1.1;
				PRODUCT_BUNDLE_IDENTIFIER = "com.lonniegerol.workoutmemories.Workout-Memories";
				PRODUCT_NAME = "$(TARGET_NAME)";
				SWIFT_EMIT_LOC_STRINGS = YES;
				SWIFT_VERSION = 5.0;
				TARGETED_DEVICE_FAMILY = 1;
			};
			name = Debug;
		};
		6E70AF9E26BDD8060068EDB7 /* Release */ = {
			isa = XCBuildConfiguration;
			buildSettings = {
				ASSETCATALOG_COMPILER_APPICON_NAME = AppIcon;
				ASSETCATALOG_COMPILER_GLOBAL_ACCENT_COLOR_NAME = AccentColor;
				CODE_SIGN_ENTITLEMENTS = "Workout Memories/Workout Memories.entitlements";
				CODE_SIGN_STYLE = Automatic;
				CURRENT_PROJECT_VERSION = 1;
				DEVELOPMENT_ASSET_PATHS = "\"Workout Memories/Preview Content\"";
				DEVELOPMENT_TEAM = K36HYHZA7X;
				ENABLE_PREVIEWS = YES;
				GENERATE_INFOPLIST_FILE = YES;
				INFOPLIST_FILE = "Workout Memories/info.plist";
				INFOPLIST_KEY_UIApplicationSceneManifest_Generation = YES;
				INFOPLIST_KEY_UIApplicationSupportsIndirectInputEvents = YES;
				INFOPLIST_KEY_UILaunchScreen_Generation = YES;
				INFOPLIST_KEY_UISupportedInterfaceOrientations_iPad = "UIInterfaceOrientationPortrait UIInterfaceOrientationPortraitUpsideDown UIInterfaceOrientationLandscapeLeft UIInterfaceOrientationLandscapeRight";
				INFOPLIST_KEY_UISupportedInterfaceOrientations_iPhone = UIInterfaceOrientationPortrait;
				IPHONEOS_DEPLOYMENT_TARGET = 15.0;
				LD_RUNPATH_SEARCH_PATHS = (
					"$(inherited)",
					"@executable_path/Frameworks",
				);
				MARKETING_VERSION = 1.1;
				PRODUCT_BUNDLE_IDENTIFIER = "com.lonniegerol.workoutmemories.Workout-Memories";
				PRODUCT_NAME = "$(TARGET_NAME)";
				SWIFT_EMIT_LOC_STRINGS = YES;
				SWIFT_VERSION = 5.0;
				TARGETED_DEVICE_FAMILY = 1;
			};
			name = Release;
		};
/* End XCBuildConfiguration section */

/* Begin XCConfigurationList section */
		6E70AF8926BDD8050068EDB7 /* Build configuration list for PBXProject "Workout Memories" */ = {
			isa = XCConfigurationList;
			buildConfigurations = (
				6E70AF9A26BDD8060068EDB7 /* Debug */,
				6E70AF9B26BDD8060068EDB7 /* Release */,
			);
			defaultConfigurationIsVisible = 0;
			defaultConfigurationName = Release;
		};
		6E70AF9C26BDD8060068EDB7 /* Build configuration list for PBXNativeTarget "Workout Memories" */ = {
			isa = XCConfigurationList;
			buildConfigurations = (
				6E70AF9D26BDD8060068EDB7 /* Debug */,
				6E70AF9E26BDD8060068EDB7 /* Release */,
			);
			defaultConfigurationIsVisible = 0;
			defaultConfigurationName = Release;
		};
/* End XCConfigurationList section */

/* Begin XCRemoteSwiftPackageReference section */
		6EDA273026BF447D00EACC86 /* XCRemoteSwiftPackageReference "swift-collections" */ = {
			isa = XCRemoteSwiftPackageReference;
			repositoryURL = "https://github.com/apple/swift-collections.git";
			requirement = {
				kind = upToNextMajorVersion;
				minimumVersion = 0.0.5;
			};
		};
/* End XCRemoteSwiftPackageReference section */

/* Begin XCSwiftPackageProductDependency section */
		6EDA273126BF447D00EACC86 /* Collections */ = {
			isa = XCSwiftPackageProductDependency;
			package = 6EDA273026BF447D00EACC86 /* XCRemoteSwiftPackageReference "swift-collections" */;
			productName = Collections;
		};
		6EDA273326BF447D00EACC86 /* OrderedCollections */ = {
			isa = XCSwiftPackageProductDependency;
			package = 6EDA273026BF447D00EACC86 /* XCRemoteSwiftPackageReference "swift-collections" */;
			productName = OrderedCollections;
		};
/* End XCSwiftPackageProductDependency section */
	};
	rootObject = 6E70AF8626BDD8050068EDB7 /* Project object */;
}
